<Solution>
  <Configurations>
    <Platform Name="x64" />
  </Configurations>
  <Project Path="IcoApp.FileFormat.Tests/IcoApp.FileFormat.Tests.csproj">
    <Platform Project="x64" />
  </Project>
  <Project Path="IcoApp.FileFormat/IcoApp.FileFormat.csproj">
    <Platform Project="x64" />
  </Project>
  <Project Path="IcoApp.Core/IcoApp.Core.csproj">
    <Platform Project="x64" />
  </Project>
</Solution>
